// !$*UTF8*$!
{
	archiveVersion = 1;
	classes = {
	};
	objectVersion = 46;
	objects = {

/* Begin PBXBuildFile section */
		EA846E051D708BA60021C3D0 /* AppDelegate.swift in Sources */ = {isa = PBXBuildFile; fileRef = EA846E041D708BA60021C3D0 /* AppDelegate.swift */; };
		EA846E071D708BA60021C3D0 /* ViewController.swift in Sources */ = {isa = PBXBuildFile; fileRef = EA846E061D708BA60021C3D0 /* ViewController.swift */; };
		EA846E0A1D708BA60021C3D0 /* Main.storyboard in Resources */ = {isa = PBXBuildFile; fileRef = EA846E081D708BA60021C3D0 /* Main.storyboard */; };
		EA846E0C1D708BA60021C3D0 /* Assets.xcassets in Resources */ = {isa = PBXBuildFile; fileRef = EA846E0B1D708BA60021C3D0 /* Assets.xcassets */; };
		EA846E0F1D708BA60021C3D0 /* LaunchScreen.storyboard in Resources */ = {isa = PBXBuildFile; fileRef = EA846E0D1D708BA60021C3D0 /* LaunchScreen.storyboard */; };
/* End PBXBuildFile section */

/* Begin PBXFileReference section */
		EA846E011D708BA60021C3D0 /* miraclepill.app */ = {isa = PBXFileReference; explicitFileType = wrapper.application; includeInIndex = 0; path = miraclepill.app; sourceTree = BUILT_PRODUCTS_DIR; };
		EA846E041D708BA60021C3D0 /* AppDelegate.swift */ = {isa = PBXFileReference; lastKnownFileType = sourcecode.swift; path = AppDelegate.swift; sourceTree = "<group>"; };
		EA846E061D708BA60021C3D0 /* ViewController.swift */ = {isa = PBXFileReference; lastKnownFileType = sourcecode.swift; path = ViewController.swift; sourceTree = "<group>"; };
		EA846E091D708BA60021C3D0 /* Base */ = {isa = PBXFileReference; lastKnownFileType = file.storyboard; name = Base; path = Base.lproj/Main.storyboard; sourceTree = "<group>"; };
		EA846E0B1D708BA60021C3D0 /* Assets.xcassets */ = {isa = PBXFileReference; lastKnownFileType = folder.assetcatalog; path = Assets.xcassets; sourceTree = "<group>"; };
		EA846E0E1D708BA60021C3D0 /* Base */ = {isa = PBXFileReference; lastKnownFileType = file.storyboard; name = Base; path = Base.lproj/LaunchScreen.storyboard; sourceTree = "<group>"; };
		EA846E101D708BA60021C3D0 /* Info.plist */ = {isa = PBXFileReference; lastKnownFileType = text.plist.xml; path = Info.plist; sourceTree = "<group>"; };
/* End PBXFileReference section */

/* Begin PBXFrameworksBuildPhase section */
		EA846DFE1D708BA50021C3D0 /* Frameworks */ = {
			isa = PBXFrameworksBuildPhase;
			buildActionMask = 2147483647;
			files = (
			);
			runOnlyForDeploymentPostprocessing = 0;
		};
/* End PBXFrameworksBuildPhase section */

/* Begin PBXGroup section */
		EA846DF81D708BA50021C3D0 = {
			isa = PBXGroup;
			children = (
				EA846E031D708BA60021C3D0 /* miraclepill */,
				EA846E021D708BA60021C3D0 /* Products */,
			);
			sourceTree = "<group>";
		};
		EA846E021D708BA60021C3D0 /* Products */ = {
			isa = PBXGroup;
			children = (
				EA846E011D708BA60021C3D0 /* miraclepill.app */,
			);
			name = Products;
			sourceTree = "<group>";
		};
		EA846E031D708BA60021C3D0 /* miraclepill */ = {
			isa = PBXGroup;
			children = (
				EA846E041D708BA60021C3D0 /* AppDelegate.swift */,
				EA846E061D708BA60021C3D0 /* ViewController.swift */,
				EA846E081D708BA60021C3D0 /* Main.storyboard */,
				EA846E0B1D708BA60021C3D0 /* Assets.xcassets */,
				EA846E0D1D708BA60021C3D0 /* LaunchScreen.storyboard */,
				EA846E101D708BA60021C3D0 /* Info.plist */,
			);
			path = miraclepill;
			sourceTree = "<group>";
		};
/* End PBXGroup section */

/* Begin PBXNativeTarget section */
		EA846E001D708BA50021C3D0 /* miraclepill */ = {
			isa = PBXNativeTarget;
			buildConfigurationList = EA846E131D708BA60021C3D0 /* Build configuration list for PBXNativeTarget "miraclepill" */;
			buildPhases = (
				EA846DFD1D708BA50021C3D0 /* Sources */,
				EA846DFE1D708BA50021C3D0 /* Frameworks */,
				EA846DFF1D708BA50021C3D0 /* Resources */,
			);
			buildRules = (
			);
			dependencies = (
			);
			name = miraclepill;
			productName = miraclepill;
			productReference = EA846E011D708BA60021C3D0 /* miraclepill.app */;
			productType = "com.apple.product-type.application";
		};
/* End PBXNativeTarget section */

/* Begin PBXProject section */
		EA846DF91D708BA50021C3D0 /* Project object */ = {
			isa = PBXProject;
			attributes = {
				LastSwiftUpdateCheck = 0800;
				LastUpgradeCheck = 0800;
				ORGANIZATIONNAME = Adamazing;
				TargetAttributes = {
					EA846E001D708BA50021C3D0 = {
						CreatedOnToolsVersion = 8.0;
						ProvisioningStyle = Automatic;
					};
				};
			};
			buildConfigurationList = EA846DFC1D708BA50021C3D0 /* Build configuration list for PBXProject "miraclepill" */;
			compatibilityVersion = "Xcode 3.2";
			developmentRegion = English;
			hasScannedForEncodings = 0;
			knownRegions = (
				en,
				Base,
			);
			mainGroup = EA846DF81D708BA50021C3D0;
			productRefGroup = EA846E021D708BA60021C3D0 /* Products */;
			projectDirPath = "";
			projectRoot = "";
			targets = (
				EA846E001D708BA50021C3D0 /* miraclepill */,
			);
		};
/* End PBXProject section */

/* Begin PBXResourcesBuildPhase section */
		EA846DFF1D708BA50021C3D0 /* Resources */ = {
			isa = PBXResourcesBuildPhase;
			buildActionMask = 2147483647;
			files = (
				EA846E0F1D708BA60021C3D0 /* LaunchScreen.storyboard in Resources */,
				EA846E0C1D708BA60021C3D0 /* Assets.xcassets in Resources */,
				EA846E0A1D708BA60021C3D0 /* Main.storyboard in Resources */,
			);
			runOnlyForDeploymentPostprocessing = 0;
		};
/* End PBXResourcesBuildPhase section */

/* Begin PBXSourcesBuildPhase section */
		EA846DFD1D708BA50021C3D0 /* Sources */ = {
			isa = PBXSourcesBuildPhase;
			buildActionMask = 2147483647;
			files = (
				EA846E071D708BA60021C3D0 /* ViewController.swift in Sources */,
				EA846E051D708BA60021C3D0 /* AppDelegate.swift in Sources */,
			);
			runOnlyForDeploymentPostprocessing = 0;
		};
/* End PBXSourcesBuildPhase section */

/* Begin PBXVariantGroup section */
		EA846E081D708BA60021C3D0 /* Main.storyboard */ = {
			isa = PBXVariantGroup;
			children = (
				EA846E091D708BA60021C3D0 /* Base */,
			);
			name = Main.storyboard;
			sourceTree = "<group>";
		};
		EA846E0D1D708BA60021C3D0 /* LaunchScreen.storyboard */ = {
			isa = PBXVariantGroup;
			children = (
				EA846E0E1D708BA60021C3D0 /* Base */,
			);
			name = LaunchScreen.storyboard;
			sourceTree = "<group>";
		};
/* End PBXVariantGroup section */

/* Begin XCBuildConfiguration section */
		EA846E111D708BA60021C3D0 /* Debug */ = {
			isa = XCBuildConfiguration;
			buildSettings = {
				ALWAYS_SEARCH_USER_PATHS = NO;
				CLANG_ANALYZER_NONNULL = YES;
				CLANG_CXX_LANGUAGE_STANDARD = "gnu++0x";
				CLANG_CXX_LIBRARY = "libc++";
				CLANG_ENABLE_MODULES = YES;
				CLANG_ENABLE_OBJC_ARC = YES;
				CLANG_WARN_BOOL_CONVERSION = YES;
				CLANG_WARN_CONSTANT_CONVERSION = YES;
				CLANG_WARN_DIRECT_OBJC_ISA_USAGE = YES_ERROR;
				CLANG_WARN_DOCUMENTATION_COMMENTS = YES;
				CLANG_WARN_EMPTY_BODY = YES;
				CLANG_WARN_ENUM_CONVERSION = YES;
				CLANG_WARN_INFINITE_RECURSION = YES;
				CLANG_WARN_INT_CONVERSION = YES;
				CLANG_WARN_OBJC_ROOT_CLASS = YES_ERROR;
				CLANG_WARN_SUSPICIOUS_MOVES = YES;
				CLANG_WARN_UNREACHABLE_CODE = YES;
				CLANG_WARN__DUPLICATE_METHOD_MATCH = YES;
				"CODE_SIGN_IDENTITY[sdk=iphoneos*]" = "iPhone Developer";
				COPY_PHASE_STRIP = NO;
				DEBUG_INFORMATION_FORMAT = dwarf;
				ENABLE_STRICT_OBJC_MSGSEND = YES;
				ENABLE_TESTABILITY = YES;
				GCC_C_LANGUAGE_STANDARD = gnu99;
				GCC_DYNAMIC_NO_PIC = NO;
				GCC_NO_COMMON_BLOCKS = YES;
				GCC_OPTIMIZATION_LEVEL = 0;
				GCC_PREPROCESSOR_DEFINITIONS = (
					"DEBUG=1",
					"$(inherited)",
				);
				GCC_WARN_64_TO_32_BIT_CONVERSION = YES;
				GCC_WARN_ABOUT_RETURN_TYPE = YES_ERROR;
				GCC_WARN_UNDECLARED_SELECTOR = YES;
				GCC_WARN_UNINITIALIZED_AUTOS = YES_AGGRESSIVE;
				GCC_WARN_UNUSED_FUNCTION = YES;
				GCC_WARN_UNUSED_VARIABLE = YES;
				IPHONEOS_DEPLOYMENT_TARGET = 10.0;
				MTL_ENABLE_DEBUG_INFO = YES;
				ONLY_ACTIVE_ARCH = YES;
				SDKROOT = iphoneos;
				SWIFT_ACTIVE_COMPILATION_CONDITIONS = DEBUG;
				SWIFT_OPTIMIZATION_LEVEL = "-Onone";
			};
			name = Debug;
		};
		EA846E121D708BA60021C3D0 /* Release */ = {
			isa = XCBuildConfiguration;
			buildSettings = {
				ALWAYS_SEARCH_USER_PATHS = NO;
				CLANG_ANALYZER_NONNULL = YES;
				CLANG_CXX_LANGUAGE_STANDARD = "gnu++0x";
				CLANG_CXX_LIBRARY = "libc++";
				CLANG_ENABLE_MODULES = YES;
				CLANG_ENABLE_OBJC_ARC = YES;
				CLANG_WARN_BOOL_CONVERSION = YES;
				CLANG_WARN_CONSTANT_CONVERSION = YES;
				CLANG_WARN_DIRECT_OBJC_ISA_USAGE = YES_ERROR;
				CLANG_WARN_DOCUMENTATION_COMMENTS = YES;
				CLANG_WARN_EMPTY_BODY = YES;
				CLANG_WARN_ENUM_CONVERSION = YES;
				CLANG_WARN_INFINITE_RECURSION = YES;
				CLANG_WARN_INT_CONVERSION = YES;
				CLANG_WARN_OBJC_ROOT_CLASS = YES_ERROR;
				CLANG_WARN_SUSPICIOUS_MOVES = YES;
				CLANG_WARN_UNREACHABLE_CODE = YES;
				CLANG_WARN__DUPLICATE_METHOD_MATCH = YES;
				"CODE_SIGN_IDENTITY[sdk=iphoneos*]" = "iPhone Developer";
				COPY_PHASE_STRIP = NO;
				DEBUG_INFORMATION_FORMAT = "dwarf-with-dsym";
				ENABLE_NS_ASSERTIONS = NO;
				ENABLE_STRICT_OBJC_MSGSEND = YES;
				GCC_C_LANGUAGE_STANDARD = gnu99;
				GCC_NO_COMMON_BLOCKS = YES;
				GCC_WARN_64_TO_32_BIT_CONVERSION = YES;
				GCC_WARN_ABOUT_RETURN_TYPE = YES_ERROR;
				GCC_WARN_UNDECLARED_SELECTOR = YES;
				GCC_WARN_UNINITIALIZED_AUTOS = YES_AGGRESSIVE;
				GCC_WARN_UNUSED_FUNCTION = YES;
				GCC_WARN_UNUSED_VARIABLE = YES;
				IPHONEOS_DEPLOYMENT_TARGET = 10.0;
				MTL_ENABLE_DEBUG_INFO = NO;
				SDKROOT = iphoneos;
				SWIFT_OPTIMIZATION_LEVEL = "-Owholemodule";
				VALIDATE_PRODUCT = YES;
			};
			name = Release;
		};
		EA846E141D708BA60021C3D0 /* Debug */ = {
			isa = XCBuildConfiguration;
			buildSettings = {
				ASSETCATALOG_COMPILER_APPICON_NAME = AppIcon;
				INFOPLIST_FILE = miraclepill/Info.plist;
				LD_RUNPATH_SEARCH_PATHS = "$(inherited) @executable_path/Frameworks";
				PRODUCT_BUNDLE_IDENTIFIER = com.adamazing.miraclepill;
				PRODUCT_NAME = "$(TARGET_NAME)";
				SWIFT_VERSION = 3.0;
			};
			name = Debug;
		};
		EA846E151D708BA60021C3D0 /* Release */ = {
			isa = XCBuildConfiguration;
			buildSettings = {
				ASSETCATALOG_COMPILER_APPICON_NAME = AppIcon;
				INFOPLIST_FILE = miraclepill/Info.plist;
				LD_RUNPATH_SEARCH_PATHS = "$(inherited) @executable_path/Frameworks";
				PRODUCT_BUNDLE_IDENTIFIER = com.adamazing.miraclepill;
				PRODUCT_NAME = "$(TARGET_NAME)";
				SWIFT_VERSION = 3.0;
			};
			name = Release;
		};
/* End XCBuildConfiguration section */

/* Begin XCConfigurationList section */
		EA846DFC1D708BA50021C3D0 /* Build configuration list for PBXProject "miraclepill" */ = {
			isa = XCConfigurationList;
			buildConfigurations = (
				EA846E111D708BA60021C3D0 /* Debug */,
				EA846E121D708BA60021C3D0 /* Release */,
			);
			defaultConfigurationIsVisible = 0;
			defaultConfigurationName = Release;
		};
		EA846E131D708BA60021C3D0 /* Build configuration list for PBXNativeTarget "miraclepill" */ = {
			isa = XCConfigurationList;
			buildConfigurations = (
				EA846E141D708BA60021C3D0 /* Debug */,
				EA846E151D708BA60021C3D0 /* Release */,
			);
			defaultConfigurationIsVisible = 0;
		};
/* End XCConfigurationList section */
	};
	rootObject = EA846DF91D708BA50021C3D0 /* Project object */;
}
